<?xml version="1.0" encoding="UTF-8" standalone="yes" ?>
<CodeBlocks_project_file>
	<FileVersion major="1" minor="6" />
	<Project>
		<Option title="CasseBrique" />
		<Option pch_mode="2" />
		<Option compiler="gcc" />
		<Build>
			<Target title="Debug">
				<Option output="bin/Debug/CasseBrique" prefix_auto="1" extension_auto="1" />
				<Option object_output="obj/Debug/" />
				<Option type="1" />
				<Option compiler="gcc" />
				<Compiler>
					<Add option="-g" />
				</Compiler>
			</Target>
			<Target title="Release">
				<Option output="bin/Release/CasseBrique" prefix_auto="1" extension_auto="1" />
				<Option object_output="obj/Release/" />
				<Option type="1" />
				<Option compiler="gcc" />
				<Compiler>
					<Add option="-O2" />
				</Compiler>
				<Linker>
					<Add option="-s" />
				</Linker>
			</Target>
		</Build>
		<Compiler>
			<Add option="-Wall" />
			<Add option="-fexceptions" />
		</Compiler>
		<Unit filename="BriqueNormal.cpp" />
		<Unit filename="BriqueNormal.h" />
		<Unit filename="balle.cpp" />
		<Unit filename="balle.h" />
		<Unit filename="balleTest.cpp" />
		<Unit filename="brique.cpp" />
		<Unit filename="brique.h" />
		<Unit filename="briqueTest.cpp" />
		<Unit filename="doctest.h" />
		<Unit filename="graphics.h" />
		<Unit filename="jeu.cpp" />
		<Unit filename="jeu.h" />
		<Unit filename="jeuTest.cpp" />
		<Unit filename="mainTest.cpp" />
		<Unit filename="mur.cpp" />
		<Unit filename="mur.h" />
		<Unit filename="palet.cpp" />
		<Unit filename="palet.h" />
		<Unit filename="point.cpp" />
		<Unit filename="point.h" />
		<Unit filename="pointTest.cpp" />
		<Unit filename="surfaceRebondissante.cpp" />
		<Unit filename="surfaceRebondissante.h" />
		<Unit filename="surfaceRebondissanteTest.cpp" />
		<Unit filename="terrain.cpp" />
		<Unit filename="terrain.h" />
		<Unit filename="terrainTest.cpp" />
		<Unit filename="vecteur.cpp" />
		<Unit filename="vecteur.h" />
		<Unit filename="vecteurTest.cpp" />
		<Unit filename="winbgi.cpp" />
		<Extensions />
	</Project>
</CodeBlocks_project_file>
